// !$*UTF8*$!
{
	archiveVersion = 1;
	classes = {
	};
	objectVersion = 50;
	objects = {

/* Begin PBXBuildFile section */
		AD32B1E525315670008E8D29 /* Basic_WidgetApp.swift in Sources */ = {isa = PBXBuildFile; fileRef = AD32B1E425315670008E8D29 /* Basic_WidgetApp.swift */; };
		AD32B1E725315670008E8D29 /* ContentView.swift in Sources */ = {isa = PBXBuildFile; fileRef = AD32B1E625315670008E8D29 /* ContentView.swift */; };
		AD32B1E925315673008E8D29 /* Assets.xcassets in Resources */ = {isa = PBXBuildFile; fileRef = AD32B1E825315673008E8D29 /* Assets.xcassets */; };
		AD32B1EC25315673008E8D29 /* Preview Assets.xcassets in Resources */ = {isa = PBXBuildFile; fileRef = AD32B1EB25315673008E8D29 /* Preview Assets.xcassets */; };
		AD32B1FB2531575A008E8D29 /* WidgetKit.framework in Frameworks */ = {isa = PBXBuildFile; fileRef = AD32B1FA2531575A008E8D29 /* WidgetKit.framework */; };
		AD32B1FD2531575A008E8D29 /* SwiftUI.framework in Frameworks */ = {isa = PBXBuildFile; fileRef = AD32B1FC2531575A008E8D29 /* SwiftUI.framework */; };
		AD32B2002531575A008E8D29 /* Static_Widget.swift in Sources */ = {isa = PBXBuildFile; fileRef = AD32B1FF2531575A008E8D29 /* Static_Widget.swift */; };
		AD32B2022531575F008E8D29 /* Assets.xcassets in Resources */ = {isa = PBXBuildFile; fileRef = AD32B2012531575F008E8D29 /* Assets.xcassets */; };
		AD32B2062531575F008E8D29 /* Static WidgetExtension.appex in Embed App Extensions */ = {isa = PBXBuildFile; fileRef = AD32B1F82531575A008E8D29 /* Static WidgetExtension.appex */; settings = {ATTRIBUTES = (RemoveHeadersOnCopy, ); }; };
/* End PBXBuildFile section */

/* Begin PBXContainerItemProxy section */
		AD32B2042531575F008E8D29 /* PBXContainerItemProxy */ = {
			isa = PBXContainerItemProxy;
			containerPortal = AD32B1D925315670008E8D29 /* Project object */;
			proxyType = 1;
			remoteGlobalIDString = AD32B1F72531575A008E8D29;
			remoteInfo = "Static WidgetExtension";
		};
/* End PBXContainerItemProxy section */

/* Begin PBXCopyFilesBuildPhase section */
		AD32B20A2531575F008E8D29 /* Embed App Extensions */ = {
			isa = PBXCopyFilesBuildPhase;
			buildActionMask = 2147483647;
			dstPath = "";
			dstSubfolderSpec = 13;
			files = (
				AD32B2062531575F008E8D29 /* Static WidgetExtension.appex in Embed App Extensions */,
			);
			name = "Embed App Extensions";
			runOnlyForDeploymentPostprocessing = 0;
		};
/* End PBXCopyFilesBuildPhase section */

/* Begin PBXFileReference section */
		AD32B1E125315670008E8D29 /* Basic Widget.app */ = {isa = PBXFileReference; explicitFileType = wrapper.application; includeInIndex = 0; path = "Basic Widget.app"; sourceTree = BUILT_PRODUCTS_DIR; };
		AD32B1E425315670008E8D29 /* Basic_WidgetApp.swift */ = {isa = PBXFileReference; lastKnownFileType = sourcecode.swift; path = Basic_WidgetApp.swift; sourceTree = "<group>"; };
		AD32B1E625315670008E8D29 /* ContentView.swift */ = {isa = PBXFileReference; lastKnownFileType = sourcecode.swift; path = ContentView.swift; sourceTree = "<group>"; };
		AD32B1E825315673008E8D29 /* Assets.xcassets */ = {isa = PBXFileReference; lastKnownFileType = folder.assetcatalog; path = Assets.xcassets; sourceTree = "<group>"; };
		AD32B1EB25315673008E8D29 /* Preview Assets.xcassets */ = {isa = PBXFileReference; lastKnownFileType = folder.assetcatalog; path = "Preview Assets.xcassets"; sourceTree = "<group>"; };
		AD32B1ED25315673008E8D29 /* Info.plist */ = {isa = PBXFileReference; lastKnownFileType = text.plist.xml; path = Info.plist; sourceTree = "<group>"; };
		AD32B1F82531575A008E8D29 /* Static WidgetExtension.appex */ = {isa = PBXFileReference; explicitFileType = "wrapper.app-extension"; includeInIndex = 0; path = "Static WidgetExtension.appex"; sourceTree = BUILT_PRODUCTS_DIR; };
		AD32B1FA2531575A008E8D29 /* WidgetKit.framework */ = {isa = PBXFileReference; lastKnownFileType = wrapper.framework; name = WidgetKit.framework; path = System/Library/Frameworks/WidgetKit.framework; sourceTree = SDKROOT; };
		AD32B1FC2531575A008E8D29 /* SwiftUI.framework */ = {isa = PBXFileReference; lastKnownFileType = wrapper.framework; name = SwiftUI.framework; path = System/Library/Frameworks/SwiftUI.framework; sourceTree = SDKROOT; };
		AD32B1FF2531575A008E8D29 /* Static_Widget.swift */ = {isa = PBXFileReference; lastKnownFileType = sourcecode.swift; path = Static_Widget.swift; sourceTree = "<group>"; };
		AD32B2012531575F008E8D29 /* Assets.xcassets */ = {isa = PBXFileReference; lastKnownFileType = folder.assetcatalog; path = Assets.xcassets; sourceTree = "<group>"; };
		AD32B2032531575F008E8D29 /* Info.plist */ = {isa = PBXFileReference; lastKnownFileType = text.plist.xml; path = Info.plist; sourceTree = "<group>"; };
/* End PBXFileReference section */

/* Begin PBXFrameworksBuildPhase section */
		AD32B1DE25315670008E8D29 /* Frameworks */ = {
			isa = PBXFrameworksBuildPhase;
			buildActionMask = 2147483647;
			files = (
			);
			runOnlyForDeploymentPostprocessing = 0;
		};
		AD32B1F52531575A008E8D29 /* Frameworks */ = {
			isa = PBXFrameworksBuildPhase;
			buildActionMask = 2147483647;
			files = (
				AD32B1FD2531575A008E8D29 /* SwiftUI.framework in Frameworks */,
				AD32B1FB2531575A008E8D29 /* WidgetKit.framework in Frameworks */,
			);
			runOnlyForDeploymentPostprocessing = 0;
		};
/* End PBXFrameworksBuildPhase section */

/* Begin PBXGroup section */
		AD32B1D825315670008E8D29 = {
			isa = PBXGroup;
			children = (
				AD32B1E325315670008E8D29 /* Basic Widget */,
				AD32B1FE2531575A008E8D29 /* Static Widget */,
				AD32B1F92531575A008E8D29 /* Frameworks */,
				AD32B1E225315670008E8D29 /* Products */,
			);
			sourceTree = "<group>";
		};
		AD32B1E225315670008E8D29 /* Products */ = {
			isa = PBXGroup;
			children = (
				AD32B1E125315670008E8D29 /* Basic Widget.app */,
				AD32B1F82531575A008E8D29 /* Static WidgetExtension.appex */,
			);
			name = Products;
			sourceTree = "<group>";
		};
		AD32B1E325315670008E8D29 /* Basic Widget */ = {
			isa = PBXGroup;
			children = (
				AD32B1E425315670008E8D29 /* Basic_WidgetApp.swift */,
				AD32B1E625315670008E8D29 /* ContentView.swift */,
				AD32B1E825315673008E8D29 /* Assets.xcassets */,
				AD32B1ED25315673008E8D29 /* Info.plist */,
				AD32B1EA25315673008E8D29 /* Preview Content */,
			);
			path = "Basic Widget";
			sourceTree = "<group>";
		};
		AD32B1EA25315673008E8D29 /* Preview Content */ = {
			isa = PBXGroup;
			children = (
				AD32B1EB25315673008E8D29 /* Preview Assets.xcassets */,
			);
			path = "Preview Content";
			sourceTree = "<group>";
		};
		AD32B1F92531575A008E8D29 /* Frameworks */ = {
			isa = PBXGroup;
			children = (
				AD32B1FA2531575A008E8D29 /* WidgetKit.framework */,
				AD32B1FC2531575A008E8D29 /* SwiftUI.framework */,
			);
			name = Frameworks;
			sourceTree = "<group>";
		};
		AD32B1FE2531575A008E8D29 /* Static Widget */ = {
			isa = PBXGroup;
			children = (
				AD32B1FF2531575A008E8D29 /* Static_Widget.swift */,
				AD32B2012531575F008E8D29 /* Assets.xcassets */,
				AD32B2032531575F008E8D29 /* Info.plist */,
			);
			path = "Static Widget";
			sourceTree = "<group>";
		};
/* End PBXGroup section */

/* Begin PBXNativeTarget section */
		AD32B1E025315670008E8D29 /* Basic Widget */ = {
			isa = PBXNativeTarget;
			buildConfigurationList = AD32B1F025315673008E8D29 /* Build configuration list for PBXNativeTarget "Basic Widget" */;
			buildPhases = (
				AD32B1DD25315670008E8D29 /* Sources */,
				AD32B1DE25315670008E8D29 /* Frameworks */,
				AD32B1DF25315670008E8D29 /* Resources */,
				AD32B20A2531575F008E8D29 /* Embed App Extensions */,
			);
			buildRules = (
			);
			dependencies = (
				AD32B2052531575F008E8D29 /* PBXTargetDependency */,
			);
			name = "Basic Widget";
			productName = "Basic Widget";
			productReference = AD32B1E125315670008E8D29 /* Basic Widget.app */;
			productType = "com.apple.product-type.application";
		};
		AD32B1F72531575A008E8D29 /* Static WidgetExtension */ = {
			isa = PBXNativeTarget;
			buildConfigurationList = AD32B2072531575F008E8D29 /* Build configuration list for PBXNativeTarget "Static WidgetExtension" */;
			buildPhases = (
				AD32B1F42531575A008E8D29 /* Sources */,
				AD32B1F52531575A008E8D29 /* Frameworks */,
				AD32B1F62531575A008E8D29 /* Resources */,
			);
			buildRules = (
			);
			dependencies = (
			);
			name = "Static WidgetExtension";
			productName = "Static WidgetExtension";
			productReference = AD32B1F82531575A008E8D29 /* Static WidgetExtension.appex */;
			productType = "com.apple.product-type.app-extension";
		};
/* End PBXNativeTarget section */

/* Begin PBXProject section */
		AD32B1D925315670008E8D29 /* Project object */ = {
			isa = PBXProject;
			attributes = {
				LastSwiftUpdateCheck = 1200;
				LastUpgradeCheck = 1200;
				TargetAttributes = {
					AD32B1E025315670008E8D29 = {
						CreatedOnToolsVersion = 12.0.1;
					};
					AD32B1F72531575A008E8D29 = {
						CreatedOnToolsVersion = 12.0.1;
					};
				};
			};
			buildConfigurationList = AD32B1DC25315670008E8D29 /* Build configuration list for PBXProject "Basic Widget" */;
			compatibilityVersion = "Xcode 9.3";
			developmentRegion = en;
			hasScannedForEncodings = 0;
			knownRegions = (
				en,
				Base,
			);
			mainGroup = AD32B1D825315670008E8D29;
			productRefGroup = AD32B1E225315670008E8D29 /* Products */;
			projectDirPath = "";
			projectRoot = "";
			targets = (
				AD32B1E025315670008E8D29 /* Basic Widget */,
				AD32B1F72531575A008E8D29 /* Static WidgetExtension */,
			);
		};
/* End PBXProject section */

/* Begin PBXResourcesBuildPhase section */
		AD32B1DF25315670008E8D29 /* Resources */ = {
			isa = PBXResourcesBuildPhase;
			buildActionMask = 2147483647;
			files = (
				AD32B1EC25315673008E8D29 /* Preview Assets.xcassets in Resources */,
				AD32B1E925315673008E8D29 /* Assets.xcassets in Resources */,
			);
			runOnlyForDeploymentPostprocessing = 0;
		};
		AD32B1F62531575A008E8D29 /* Resources */ = {
			isa = PBXResourcesBuildPhase;
			buildActionMask = 2147483647;
			files = (
				AD32B2022531575F008E8D29 /* Assets.xcassets in Resources */,
			);
			runOnlyForDeploymentPostprocessing = 0;
		};
/* End PBXResourcesBuildPhase section */

/* Begin PBXSourcesBuildPhase section */
		AD32B1DD25315670008E8D29 /* Sources */ = {
			isa = PBXSourcesBuildPhase;
			buildActionMask = 2147483647;
			files = (
				AD32B1E725315670008E8D29 /* ContentView.swift in Sources */,
				AD32B1E525315670008E8D29 /* Basic_WidgetApp.swift in Sources */,
			);
			runOnlyForDeploymentPostprocessing = 0;
		};
		AD32B1F42531575A008E8D29 /* Sources */ = {
			isa = PBXSourcesBuildPhase;
			buildActionMask = 2147483647;
			files = (
				AD32B2002531575A008E8D29 /* Static_Widget.swift in Sources */,
			);
			runOnlyForDeploymentPostprocessing = 0;
		};
/* End PBXSourcesBuildPhase section */

/* Begin PBXTargetDependency section */
		AD32B2052531575F008E8D29 /* PBXTargetDependency */ = {
			isa = PBXTargetDependency;
			target = AD32B1F72531575A008E8D29 /* Static WidgetExtension */;
			targetProxy = AD32B2042531575F008E8D29 /* PBXContainerItemProxy */;
		};
/* End PBXTargetDependency section */

/* Begin XCBuildConfiguration section */
		AD32B1EE25315673008E8D29 /* Debug */ = {
			isa = XCBuildConfiguration;
			buildSettings = {
				ALWAYS_SEARCH_USER_PATHS = NO;
				CLANG_ANALYZER_NONNULL = YES;
				CLANG_ANALYZER_NUMBER_OBJECT_CONVERSION = YES_AGGRESSIVE;
				CLANG_CXX_LANGUAGE_STANDARD = "gnu++14";
				CLANG_CXX_LIBRARY = "libc++";
				CLANG_ENABLE_MODULES = YES;
				CLANG_ENABLE_OBJC_ARC = YES;
				CLANG_ENABLE_OBJC_WEAK = YES;
				CLANG_WARN_BLOCK_CAPTURE_AUTORELEASING = YES;
				CLANG_WARN_BOOL_CONVERSION = YES;
				CLANG_WARN_COMMA = YES;
				CLANG_WARN_CONSTANT_CONVERSION = YES;
				CLANG_WARN_DEPRECATED_OBJC_IMPLEMENTATIONS = YES;
				CLANG_WARN_DIRECT_OBJC_ISA_USAGE = YES_ERROR;
				CLANG_WARN_DOCUMENTATION_COMMENTS = YES;
				CLANG_WARN_EMPTY_BODY = YES;
				CLANG_WARN_ENUM_CONVERSION = YES;
				CLANG_WARN_INFINITE_RECURSION = YES;
				CLANG_WARN_INT_CONVERSION = YES;
				CLANG_WARN_NON_LITERAL_NULL_CONVERSION = YES;
				CLANG_WARN_OBJC_IMPLICIT_RETAIN_SELF = YES;
				CLANG_WARN_OBJC_LITERAL_CONVERSION = YES;
				CLANG_WARN_OBJC_ROOT_CLASS = YES_ERROR;
				CLANG_WARN_QUOTED_INCLUDE_IN_FRAMEWORK_HEADER = YES;
				CLANG_WARN_RANGE_LOOP_ANALYSIS = YES;
				CLANG_WARN_STRICT_PROTOTYPES = YES;
				CLANG_WARN_SUSPICIOUS_MOVE = YES;
				CLANG_WARN_UNGUARDED_AVAILABILITY = YES_AGGRESSIVE;
				CLANG_WARN_UNREACHABLE_CODE = YES;
				CLANG_WARN__DUPLICATE_METHOD_MATCH = YES;
				COPY_PHASE_STRIP = NO;
				DEBUG_INFORMATION_FORMAT = dwarf;
				ENABLE_STRICT_OBJC_MSGSEND = YES;
				ENABLE_TESTABILITY = YES;
				GCC_C_LANGUAGE_STANDARD = gnu11;
				GCC_DYNAMIC_NO_PIC = NO;
				GCC_NO_COMMON_BLOCKS = YES;
				GCC_OPTIMIZATION_LEVEL = 0;
				GCC_PREPROCESSOR_DEFINITIONS = (
					"DEBUG=1",
					"$(inherited)",
				);
				GCC_WARN_64_TO_32_BIT_CONVERSION = YES;
				GCC_WARN_ABOUT_RETURN_TYPE = YES_ERROR;
				GCC_WARN_UNDECLARED_SELECTOR = YES;
				GCC_WARN_UNINITIALIZED_AUTOS = YES_AGGRESSIVE;
				GCC_WARN_UNUSED_FUNCTION = YES;
				GCC_WARN_UNUSED_VARIABLE = YES;
				IPHONEOS_DEPLOYMENT_TARGET = 14.0;
				MTL_ENABLE_DEBUG_INFO = INCLUDE_SOURCE;
				MTL_FAST_MATH = YES;
				ONLY_ACTIVE_ARCH = YES;
				SDKROOT = iphoneos;
				SWIFT_ACTIVE_COMPILATION_CONDITIONS = DEBUG;
				SWIFT_OPTIMIZATION_LEVEL = "-Onone";
			};
			name = Debug;
		};
		AD32B1EF25315673008E8D29 /* Release */ = {
			isa = XCBuildConfiguration;
			buildSettings = {
				ALWAYS_SEARCH_USER_PATHS = NO;
				CLANG_ANALYZER_NONNULL = YES;
				CLANG_ANALYZER_NUMBER_OBJECT_CONVERSION = YES_AGGRESSIVE;
				CLANG_CXX_LANGUAGE_STANDARD = "gnu++14";
				CLANG_CXX_LIBRARY = "libc++";
				CLANG_ENABLE_MODULES = YES;
				CLANG_ENABLE_OBJC_ARC = YES;
				CLANG_ENABLE_OBJC_WEAK = YES;
				CLANG_WARN_BLOCK_CAPTURE_AUTORELEASING = YES;
				CLANG_WARN_BOOL_CONVERSION = YES;
				CLANG_WARN_COMMA = YES;
				CLANG_WARN_CONSTANT_CONVERSION = YES;
				CLANG_WARN_DEPRECATED_OBJC_IMPLEMENTATIONS = YES;
				CLANG_WARN_DIRECT_OBJC_ISA_USAGE = YES_ERROR;
				CLANG_WARN_DOCUMENTATION_COMMENTS = YES;
				CLANG_WARN_EMPTY_BODY = YES;
				CLANG_WARN_ENUM_CONVERSION = YES;
				CLANG_WARN_INFINITE_RECURSION = YES;
				CLANG_WARN_INT_CONVERSION = YES;
				CLANG_WARN_NON_LITERAL_NULL_CONVERSION = YES;
				CLANG_WARN_OBJC_IMPLICIT_RETAIN_SELF = YES;
				CLANG_WARN_OBJC_LITERAL_CONVERSION = YES;
				CLANG_WARN_OBJC_ROOT_CLASS = YES_ERROR;
				CLANG_WARN_QUOTED_INCLUDE_IN_FRAMEWORK_HEADER = YES;
				CLANG_WARN_RANGE_LOOP_ANALYSIS = YES;
				CLANG_WARN_STRICT_PROTOTYPES = YES;
				CLANG_WARN_SUSPICIOUS_MOVE = YES;
				CLANG_WARN_UNGUARDED_AVAILABILITY = YES_AGGRESSIVE;
				CLANG_WARN_UNREACHABLE_CODE = YES;
				CLANG_WARN__DUPLICATE_METHOD_MATCH = YES;
				COPY_PHASE_STRIP = NO;
				DEBUG_INFORMATION_FORMAT = "dwarf-with-dsym";
				ENABLE_NS_ASSERTIONS = NO;
				ENABLE_STRICT_OBJC_MSGSEND = YES;
				GCC_C_LANGUAGE_STANDARD = gnu11;
				GCC_NO_COMMON_BLOCKS = YES;
				GCC_WARN_64_TO_32_BIT_CONVERSION = YES;
				GCC_WARN_ABOUT_RETURN_TYPE = YES_ERROR;
				GCC_WARN_UNDECLARED_SELECTOR = YES;
				GCC_WARN_UNINITIALIZED_AUTOS = YES_AGGRESSIVE;
				GCC_WARN_UNUSED_FUNCTION = YES;
				GCC_WARN_UNUSED_VARIABLE = YES;
				IPHONEOS_DEPLOYMENT_TARGET = 14.0;
				MTL_ENABLE_DEBUG_INFO = NO;
				MTL_FAST_MATH = YES;
				SDKROOT = iphoneos;
				SWIFT_COMPILATION_MODE = wholemodule;
				SWIFT_OPTIMIZATION_LEVEL = "-O";
				VALIDATE_PRODUCT = YES;
			};
			name = Release;
		};
		AD32B1F125315673008E8D29 /* Debug */ = {
			isa = XCBuildConfiguration;
			buildSettings = {
				ALWAYS_EMBED_SWIFT_STANDARD_LIBRARIES = YES;
				ASSETCATALOG_COMPILER_APPICON_NAME = AppIcon;
				ASSETCATALOG_COMPILER_GLOBAL_ACCENT_COLOR_NAME = AccentColor;
				CODE_SIGN_STYLE = Automatic;
				DEVELOPMENT_ASSET_PATHS = "\"Basic Widget/Preview Content\"";
				DEVELOPMENT_TEAM = CF655ESNGC;
				ENABLE_PREVIEWS = YES;
				INFOPLIST_FILE = "Basic Widget/Info.plist";
				IPHONEOS_DEPLOYMENT_TARGET = 14.0;
				LD_RUNPATH_SEARCH_PATHS = (
					"$(inherited)",
					"@executable_path/Frameworks",
				);
				PRODUCT_BUNDLE_IDENTIFIER = "com.baralabs.Basic-Widget";
				PRODUCT_NAME = "$(TARGET_NAME)";
				SWIFT_VERSION = 5.0;
				TARGETED_DEVICE_FAMILY = "1,2";
			};
			name = Debug;
		};
		AD32B1F225315673008E8D29 /* Release */ = {
			isa = XCBuildConfiguration;
			buildSettings = {
				ALWAYS_EMBED_SWIFT_STANDARD_LIBRARIES = YES;
				ASSETCATALOG_COMPILER_APPICON_NAME = AppIcon;
				ASSETCATALOG_COMPILER_GLOBAL_ACCENT_COLOR_NAME = AccentColor;
				CODE_SIGN_STYLE = Automatic;
				DEVELOPMENT_ASSET_PATHS = "\"Basic Widget/Preview Content\"";
				DEVELOPMENT_TEAM = CF655ESNGC;
				ENABLE_PREVIEWS = YES;
				INFOPLIST_FILE = "Basic Widget/Info.plist";
				IPHONEOS_DEPLOYMENT_TARGET = 14.0;
				LD_RUNPATH_SEARCH_PATHS = (
					"$(inherited)",
					"@executable_path/Frameworks",
				);
				PRODUCT_BUNDLE_IDENTIFIER = "com.baralabs.Basic-Widget";
				PRODUCT_NAME = "$(TARGET_NAME)";
				SWIFT_VERSION = 5.0;
				TARGETED_DEVICE_FAMILY = "1,2";
			};
			name = Release;
		};
		AD32B2082531575F008E8D29 /* Debug */ = {
			isa = XCBuildConfiguration;
			buildSettings = {
				ASSETCATALOG_COMPILER_GLOBAL_ACCENT_COLOR_NAME = AccentColor;
				ASSETCATALOG_COMPILER_WIDGET_BACKGROUND_COLOR_NAME = WidgetBackground;
				CODE_SIGN_STYLE = Automatic;
				DEVELOPMENT_TEAM = CF655ESNGC;
				INFOPLIST_FILE = "Static Widget/Info.plist";
				LD_RUNPATH_SEARCH_PATHS = (
					"$(inherited)",
					"@executable_path/Frameworks",
					"@executable_path/../../Frameworks",
				);
				PRODUCT_BUNDLE_IDENTIFIER = "com.baralabs.Basic-Widget.Static-Widget";
				PRODUCT_NAME = "$(TARGET_NAME)";
				SKIP_INSTALL = YES;
				SWIFT_VERSION = 5.0;
				TARGETED_DEVICE_FAMILY = "1,2";
			};
			name = Debug;
		};
		AD32B2092531575F008E8D29 /* Release */ = {
			isa = XCBuildConfiguration;
			buildSettings = {
				ASSETCATALOG_COMPILER_GLOBAL_ACCENT_COLOR_NAME = AccentColor;
				ASSETCATALOG_COMPILER_WIDGET_BACKGROUND_COLOR_NAME = WidgetBackground;
				CODE_SIGN_STYLE = Automatic;
				DEVELOPMENT_TEAM = CF655ESNGC;
				INFOPLIST_FILE = "Static Widget/Info.plist";
				LD_RUNPATH_SEARCH_PATHS = (
					"$(inherited)",
					"@executable_path/Frameworks",
					"@executable_path/../../Frameworks",
				);
				PRODUCT_BUNDLE_IDENTIFIER = "com.baralabs.Basic-Widget.Static-Widget";
				PRODUCT_NAME = "$(TARGET_NAME)";
				SKIP_INSTALL = YES;
				SWIFT_VERSION = 5.0;
				TARGETED_DEVICE_FAMILY = "1,2";
			};
			name = Release;
		};
/* End XCBuildConfiguration section */

/* Begin XCConfigurationList section */
		AD32B1DC25315670008E8D29 /* Build configuration list for PBXProject "Basic Widget" */ = {
			isa = XCConfigurationList;
			buildConfigurations = (
				AD32B1EE25315673008E8D29 /* Debug */,
				AD32B1EF25315673008E8D29 /* Release */,
			);
			defaultConfigurationIsVisible = 0;
			defaultConfigurationName = Release;
		};
		AD32B1F025315673008E8D29 /* Build configuration list for PBXNativeTarget "Basic Widget" */ = {
			isa = XCConfigurationList;
			buildConfigurations = (
				AD32B1F125315673008E8D29 /* Debug */,
				AD32B1F225315673008E8D29 /* Release */,
			);
			defaultConfigurationIsVisible = 0;
			defaultConfigurationName = Release;
		};
		AD32B2072531575F008E8D29 /* Build configuration list for PBXNativeTarget "Static WidgetExtension" */ = {
			isa = XCConfigurationList;
			buildConfigurations = (
				AD32B2082531575F008E8D29 /* Debug */,
				AD32B2092531575F008E8D29 /* Release */,
			);
			defaultConfigurationIsVisible = 0;
			defaultConfigurationName = Release;
		};
/* End XCConfigurationList section */
	};
	rootObject = AD32B1D925315670008E8D29 /* Project object */;
}
